// !$*UTF8*$!
{
	archiveVersion = 1;
	classes = {
	};
	objectVersion = 46;
	objects = {

/* Begin PBXBuildFile section */
		541AA4431C8BC25500607258 /* PhotoTableViewCell.swift in Sources */ = {isa = PBXBuildFile; fileRef = 541AA4421C8BC25500607258 /* PhotoTableViewCell.swift */; };
		541AA4451C8BD74D00607258 /* SettingsViewController.swift in Sources */ = {isa = PBXBuildFile; fileRef = 541AA4441C8BD74D00607258 /* SettingsViewController.swift */; };
		54DBFB241C868A9400885560 /* AppDelegate.swift in Sources */ = {isa = PBXBuildFile; fileRef = 54DBFB231C868A9400885560 /* AppDelegate.swift */; };
		54DBFB261C868A9400885560 /* ViewController.swift in Sources */ = {isa = PBXBuildFile; fileRef = 54DBFB251C868A9400885560 /* ViewController.swift */; };
		54DBFB291C868A9400885560 /* Main.storyboard in Resources */ = {isa = PBXBuildFile; fileRef = 54DBFB271C868A9400885560 /* Main.storyboard */; };
		54DBFB2B1C868A9400885560 /* Assets.xcassets in Resources */ = {isa = PBXBuildFile; fileRef = 54DBFB2A1C868A9400885560 /* Assets.xcassets */; };
		54DBFB2E1C868A9400885560 /* LaunchScreen.storyboard in Resources */ = {isa = PBXBuildFile; fileRef = 54DBFB2C1C868A9400885560 /* LaunchScreen.storyboard */; };
		54DBFB361C86A71C00885560 /* LoginViewController.swift in Sources */ = {isa = PBXBuildFile; fileRef = 54DBFB351C86A71C00885560 /* LoginViewController.swift */; };
		54DBFB3A1C8A485400885560 /* InstagramViewController.swift in Sources */ = {isa = PBXBuildFile; fileRef = 54DBFB391C8A485400885560 /* InstagramViewController.swift */; };
		54DBFB3D1C8A907900885560 /* ComposeViewController.swift in Sources */ = {isa = PBXBuildFile; fileRef = 54DBFB3C1C8A907900885560 /* ComposeViewController.swift */; };
		54DBFB3F1C8AA2D700885560 /* TabBarViewController.swift in Sources */ = {isa = PBXBuildFile; fileRef = 54DBFB3E1C8AA2D700885560 /* TabBarViewController.swift */; };
		B8B21D4A6A2256D96F1F80DC /* Pods_Instagram_CPU.framework in Frameworks */ = {isa = PBXBuildFile; fileRef = 3F700427796E513BFC77868C /* Pods_Instagram_CPU.framework */; };
/* End PBXBuildFile section */

/* Begin PBXFileReference section */
		1D6B588725072D8E5FC9C57A /* Pods-Instagram_CPU.release.xcconfig */ = {isa = PBXFileReference; includeInIndex = 1; lastKnownFileType = text.xcconfig; name = "Pods-Instagram_CPU.release.xcconfig"; path = "Pods/Target Support Files/Pods-Instagram_CPU/Pods-Instagram_CPU.release.xcconfig"; sourceTree = "<group>"; };
		329FE6840314CAC6067974DE /* Pods-Instagram_CPU.debug.xcconfig */ = {isa = PBXFileReference; includeInIndex = 1; lastKnownFileType = text.xcconfig; name = "Pods-Instagram_CPU.debug.xcconfig"; path = "Pods/Target Support Files/Pods-Instagram_CPU/Pods-Instagram_CPU.debug.xcconfig"; sourceTree = "<group>"; };
		3F700427796E513BFC77868C /* Pods_Instagram_CPU.framework */ = {isa = PBXFileReference; explicitFileType = wrapper.framework; includeInIndex = 0; path = Pods_Instagram_CPU.framework; sourceTree = BUILT_PRODUCTS_DIR; };
		541AA4421C8BC25500607258 /* PhotoTableViewCell.swift */ = {isa = PBXFileReference; fileEncoding = 4; lastKnownFileType = sourcecode.swift; path = PhotoTableViewCell.swift; sourceTree = "<group>"; };
		541AA4441C8BD74D00607258 /* SettingsViewController.swift */ = {isa = PBXFileReference; fileEncoding = 4; lastKnownFileType = sourcecode.swift; path = SettingsViewController.swift; sourceTree = "<group>"; };
		54DBFB201C868A9400885560 /* Instagram_CPU.app */ = {isa = PBXFileReference; explicitFileType = wrapper.application; includeInIndex = 0; path = Instagram_CPU.app; sourceTree = BUILT_PRODUCTS_DIR; };
		54DBFB231C868A9400885560 /* AppDelegate.swift */ = {isa = PBXFileReference; lastKnownFileType = sourcecode.swift; path = AppDelegate.swift; sourceTree = "<group>"; };
		54DBFB251C868A9400885560 /* ViewController.swift */ = {isa = PBXFileReference; lastKnownFileType = sourcecode.swift; path = ViewController.swift; sourceTree = "<group>"; };
		54DBFB281C868A9400885560 /* Base */ = {isa = PBXFileReference; lastKnownFileType = file.storyboard; name = Base; path = Base.lproj/Main.storyboard; sourceTree = "<group>"; };
		54DBFB2A1C868A9400885560 /* Assets.xcassets */ = {isa = PBXFileReference; lastKnownFileType = folder.assetcatalog; path = Assets.xcassets; sourceTree = "<group>"; };
		54DBFB2D1C868A9400885560 /* Base */ = {isa = PBXFileReference; lastKnownFileType = file.storyboard; name = Base; path = Base.lproj/LaunchScreen.storyboard; sourceTree = "<group>"; };
		54DBFB2F1C868A9400885560 /* Info.plist */ = {isa = PBXFileReference; lastKnownFileType = text.plist.xml; path = Info.plist; sourceTree = "<group>"; };
		54DBFB351C86A71C00885560 /* LoginViewController.swift */ = {isa = PBXFileReference; fileEncoding = 4; lastKnownFileType = sourcecode.swift; path = LoginViewController.swift; sourceTree = "<group>"; };
		54DBFB391C8A485400885560 /* InstagramViewController.swift */ = {isa = PBXFileReference; fileEncoding = 4; lastKnownFileType = sourcecode.swift; path = InstagramViewController.swift; sourceTree = "<group>"; };
		54DBFB3C1C8A907900885560 /* ComposeViewController.swift */ = {isa = PBXFileReference; fileEncoding = 4; lastKnownFileType = sourcecode.swift; path = ComposeViewController.swift; sourceTree = "<group>"; };
		54DBFB3E1C8AA2D700885560 /* TabBarViewController.swift */ = {isa = PBXFileReference; fileEncoding = 4; lastKnownFileType = sourcecode.swift; path = TabBarViewController.swift; sourceTree = "<group>"; };
/* End PBXFileReference section */

/* Begin PBXFrameworksBuildPhase section */
		54DBFB1D1C868A9400885560 /* Frameworks */ = {
			isa = PBXFrameworksBuildPhase;
			buildActionMask = 2147483647;
			files = (
				B8B21D4A6A2256D96F1F80DC /* Pods_Instagram_CPU.framework in Frameworks */,
			);
			runOnlyForDeploymentPostprocessing = 0;
		};
/* End PBXFrameworksBuildPhase section */

/* Begin PBXGroup section */
		54DBFB171C868A9400885560 = {
			isa = PBXGroup;
			children = (
				54DBFB221C868A9400885560 /* Instagram_CPU */,
				54DBFB211C868A9400885560 /* Products */,
				96242DC00A189ED3429CD024 /* Pods */,
				85AA1EA39BBF75467BEA44F6 /* Frameworks */,
			);
			sourceTree = "<group>";
		};
		54DBFB211C868A9400885560 /* Products */ = {
			isa = PBXGroup;
			children = (
				54DBFB201C868A9400885560 /* Instagram_CPU.app */,
			);
			name = Products;
			sourceTree = "<group>";
		};
		54DBFB221C868A9400885560 /* Instagram_CPU */ = {
			isa = PBXGroup;
			children = (
				54DBFB3B1C8A487400885560 /* View Controllers */,
				54DBFB231C868A9400885560 /* AppDelegate.swift */,
				54DBFB251C868A9400885560 /* ViewController.swift */,
				54DBFB271C868A9400885560 /* Main.storyboard */,
				54DBFB2A1C868A9400885560 /* Assets.xcassets */,
				54DBFB2C1C868A9400885560 /* LaunchScreen.storyboard */,
				54DBFB2F1C868A9400885560 /* Info.plist */,
			);
			path = Instagram_CPU;
			sourceTree = "<group>";
		};
		54DBFB3B1C8A487400885560 /* View Controllers */ = {
			isa = PBXGroup;
			children = (
				54DBFB351C86A71C00885560 /* LoginViewController.swift */,
				54DBFB3C1C8A907900885560 /* ComposeViewController.swift */,
				54DBFB391C8A485400885560 /* InstagramViewController.swift */,
				54DBFB3E1C8AA2D700885560 /* TabBarViewController.swift */,
				541AA4421C8BC25500607258 /* PhotoTableViewCell.swift */,
				541AA4441C8BD74D00607258 /* SettingsViewController.swift */,
			);
			name = "View Controllers";
			sourceTree = "<group>";
		};
		85AA1EA39BBF75467BEA44F6 /* Frameworks */ = {
			isa = PBXGroup;
			children = (
				3F700427796E513BFC77868C /* Pods_Instagram_CPU.framework */,
			);
			name = Frameworks;
			sourceTree = "<group>";
		};
		96242DC00A189ED3429CD024 /* Pods */ = {
			isa = PBXGroup;
			children = (
				329FE6840314CAC6067974DE /* Pods-Instagram_CPU.debug.xcconfig */,
				1D6B588725072D8E5FC9C57A /* Pods-Instagram_CPU.release.xcconfig */,
			);
			name = Pods;
			sourceTree = "<group>";
		};
/* End PBXGroup section */

/* Begin PBXNativeTarget section */
		54DBFB1F1C868A9400885560 /* Instagram_CPU */ = {
			isa = PBXNativeTarget;
			buildConfigurationList = 54DBFB321C868A9400885560 /* Build configuration list for PBXNativeTarget "Instagram_CPU" */;
			buildPhases = (
				6365AD9D3BCF9DB98B96246F /* Check Pods Manifest.lock */,
				54DBFB1C1C868A9400885560 /* Sources */,
				54DBFB1D1C868A9400885560 /* Frameworks */,
				54DBFB1E1C868A9400885560 /* Resources */,
				4D4DA65EA636D369B339CD07 /* Embed Pods Frameworks */,
				783E245579C2CD3611208F9F /* Copy Pods Resources */,
			);
			buildRules = (
			);
			dependencies = (
			);
			name = Instagram_CPU;
			productName = Instagram_CPU;
			productReference = 54DBFB201C868A9400885560 /* Instagram_CPU.app */;
			productType = "com.apple.product-type.application";
		};
/* End PBXNativeTarget section */

/* Begin PBXProject section */
		54DBFB181C868A9400885560 /* Project object */ = {
			isa = PBXProject;
			attributes = {
				LastSwiftUpdateCheck = 0720;
				LastUpgradeCheck = 0720;
				ORGANIZATIONNAME = codepath;
				TargetAttributes = {
					54DBFB1F1C868A9400885560 = {
						CreatedOnToolsVersion = 7.2.1;
						DevelopmentTeam = Y4DYTA5466;
					};
				};
			};
			buildConfigurationList = 54DBFB1B1C868A9400885560 /* Build configuration list for PBXProject "Instagram_CPU" */;
			compatibilityVersion = "Xcode 3.2";
			developmentRegion = English;
			hasScannedForEncodings = 0;
			knownRegions = (
				en,
				Base,
			);
			mainGroup = 54DBFB171C868A9400885560;
			productRefGroup = 54DBFB211C868A9400885560 /* Products */;
			projectDirPath = "";
			projectRoot = "";
			targets = (
				54DBFB1F1C868A9400885560 /* Instagram_CPU */,
			);
		};
/* End PBXProject section */

/* Begin PBXResourcesBuildPhase section */
		54DBFB1E1C868A9400885560 /* Resources */ = {
			isa = PBXResourcesBuildPhase;
			buildActionMask = 2147483647;
			files = (
				54DBFB2E1C868A9400885560 /* LaunchScreen.storyboard in Resources */,
				54DBFB2B1C868A9400885560 /* Assets.xcassets in Resources */,
				54DBFB291C868A9400885560 /* Main.storyboard in Resources */,
			);
			runOnlyForDeploymentPostprocessing = 0;
		};
/* End PBXResourcesBuildPhase section */

/* Begin PBXShellScriptBuildPhase section */
		4D4DA65EA636D369B339CD07 /* Embed Pods Frameworks */ = {
			isa = PBXShellScriptBuildPhase;
			buildActionMask = 2147483647;
			files = (
			);
			inputPaths = (
			);
			name = "Embed Pods Frameworks";
			outputPaths = (
			);
			runOnlyForDeploymentPostprocessing = 0;
			shellPath = /bin/sh;
			shellScript = "\"${SRCROOT}/Pods/Target Support Files/Pods-Instagram_CPU/Pods-Instagram_CPU-frameworks.sh\"\n";
			showEnvVarsInLog = 0;
		};
		6365AD9D3BCF9DB98B96246F /* Check Pods Manifest.lock */ = {
			isa = PBXShellScriptBuildPhase;
			buildActionMask = 2147483647;
			files = (
			);
			inputPaths = (
			);
			name = "Check Pods Manifest.lock";
			outputPaths = (
			);
			runOnlyForDeploymentPostprocessing = 0;
			shellPath = /bin/sh;
			shellScript = "diff \"${PODS_ROOT}/../Podfile.lock\" \"${PODS_ROOT}/Manifest.lock\" > /dev/null\nif [[ $? != 0 ]] ; then\n    cat << EOM\nerror: The sandbox is not in sync with the Podfile.lock. Run 'pod install' or update your CocoaPods installation.\nEOM\n    exit 1\nfi\n";
			showEnvVarsInLog = 0;
		};
		783E245579C2CD3611208F9F /* Copy Pods Resources */ = {
			isa = PBXShellScriptBuildPhase;
			buildActionMask = 2147483647;
			files = (
			);
			inputPaths = (
			);
			name = "Copy Pods Resources";
			outputPaths = (
			);
			runOnlyForDeploymentPostprocessing = 0;
			shellPath = /bin/sh;
			shellScript = "\"${SRCROOT}/Pods/Target Support Files/Pods-Instagram_CPU/Pods-Instagram_CPU-resources.sh\"\n";
			showEnvVarsInLog = 0;
		};
/* End PBXShellScriptBuildPhase section */

/* Begin PBXSourcesBuildPhase section */
		54DBFB1C1C868A9400885560 /* Sources */ = {
			isa = PBXSourcesBuildPhase;
			buildActionMask = 2147483647;
			files = (
				541AA4431C8BC25500607258 /* PhotoTableViewCell.swift in Sources */,
				54DBFB3D1C8A907900885560 /* ComposeViewController.swift in Sources */,
				54DBFB361C86A71C00885560 /* LoginViewController.swift in Sources */,
				54DBFB3A1C8A485400885560 /* InstagramViewController.swift in Sources */,
				54DBFB261C868A9400885560 /* ViewController.swift in Sources */,
				54DBFB3F1C8AA2D700885560 /* TabBarViewController.swift in Sources */,
				54DBFB241C868A9400885560 /* AppDelegate.swift in Sources */,
				541AA4451C8BD74D00607258 /* SettingsViewController.swift in Sources */,
			);
			runOnlyForDeploymentPostprocessing = 0;
		};
/* End PBXSourcesBuildPhase section */

/* Begin PBXVariantGroup section */
		54DBFB271C868A9400885560 /* Main.storyboard */ = {
			isa = PBXVariantGroup;
			children = (
				54DBFB281C868A9400885560 /* Base */,
			);
			name = Main.storyboard;
			sourceTree = "<group>";
		};
		54DBFB2C1C868A9400885560 /* LaunchScreen.storyboard */ = {
			isa = PBXVariantGroup;
			children = (
				54DBFB2D1C868A9400885560 /* Base */,
			);
			name = LaunchScreen.storyboard;
			sourceTree = "<group>";
		};
/* End PBXVariantGroup section */

/* Begin XCBuildConfiguration section */
		54DBFB301C868A9400885560 /* Debug */ = {
			isa = XCBuildConfiguration;
			buildSettings = {
				ALWAYS_SEARCH_USER_PATHS = NO;
				CLANG_CXX_LANGUAGE_STANDARD = "gnu++0x";
				CLANG_CXX_LIBRARY = "libc++";
				CLANG_ENABLE_MODULES = YES;
				CLANG_ENABLE_OBJC_ARC = YES;
				CLANG_WARN_BOOL_CONVERSION = YES;
				CLANG_WARN_CONSTANT_CONVERSION = YES;
				CLANG_WARN_DIRECT_OBJC_ISA_USAGE = YES_ERROR;
				CLANG_WARN_EMPTY_BODY = YES;
				CLANG_WARN_ENUM_CONVERSION = YES;
				CLANG_WARN_INT_CONVERSION = YES;
				CLANG_WARN_OBJC_ROOT_CLASS = YES_ERROR;
				CLANG_WARN_UNREACHABLE_CODE = YES;
				CLANG_WARN__DUPLICATE_METHOD_MATCH = YES;
				"CODE_SIGN_IDENTITY[sdk=iphoneos*]" = "iPhone Developer";
				COPY_PHASE_STRIP = NO;
				DEBUG_INFORMATION_FORMAT = dwarf;
				ENABLE_STRICT_OBJC_MSGSEND = YES;
				ENABLE_TESTABILITY = YES;
				GCC_C_LANGUAGE_STANDARD = gnu99;
				GCC_DYNAMIC_NO_PIC = NO;
				GCC_NO_COMMON_BLOCKS = YES;
				GCC_OPTIMIZATION_LEVEL = 0;
				GCC_PREPROCESSOR_DEFINITIONS = (
					"DEBUG=1",
					"$(inherited)",
				);
				GCC_WARN_64_TO_32_BIT_CONVERSION = YES;
				GCC_WARN_ABOUT_RETURN_TYPE = YES_ERROR;
				GCC_WARN_UNDECLARED_SELECTOR = YES;
				GCC_WARN_UNINITIALIZED_AUTOS = YES_AGGRESSIVE;
				GCC_WARN_UNUSED_FUNCTION = YES;
				GCC_WARN_UNUSED_VARIABLE = YES;
				IPHONEOS_DEPLOYMENT_TARGET = 9.2;
				MTL_ENABLE_DEBUG_INFO = YES;
				ONLY_ACTIVE_ARCH = YES;
				SDKROOT = iphoneos;
				SWIFT_OPTIMIZATION_LEVEL = "-Onone";
			};
			name = Debug;
		};
		54DBFB311C868A9400885560 /* Release */ = {
			isa = XCBuildConfiguration;
			buildSettings = {
				ALWAYS_SEARCH_USER_PATHS = NO;
				CLANG_CXX_LANGUAGE_STANDARD = "gnu++0x";
				CLANG_CXX_LIBRARY = "libc++";
				CLANG_ENABLE_MODULES = YES;
				CLANG_ENABLE_OBJC_ARC = YES;
				CLANG_WARN_BOOL_CONVERSION = YES;
				CLANG_WARN_CONSTANT_CONVERSION = YES;
				CLANG_WARN_DIRECT_OBJC_ISA_USAGE = YES_ERROR;
				CLANG_WARN_EMPTY_BODY = YES;
				CLANG_WARN_ENUM_CONVERSION = YES;
				CLANG_WARN_INT_CONVERSION = YES;
				CLANG_WARN_OBJC_ROOT_CLASS = YES_ERROR;
				CLANG_WARN_UNREACHABLE_CODE = YES;
				CLANG_WARN__DUPLICATE_METHOD_MATCH = YES;
				"CODE_SIGN_IDENTITY[sdk=iphoneos*]" = "iPhone Developer";
				COPY_PHASE_STRIP = NO;
				DEBUG_INFORMATION_FORMAT = "dwarf-with-dsym";
				ENABLE_NS_ASSERTIONS = NO;
				ENABLE_STRICT_OBJC_MSGSEND = YES;
				GCC_C_LANGUAGE_STANDARD = gnu99;
				GCC_NO_COMMON_BLOCKS = YES;
				GCC_WARN_64_TO_32_BIT_CONVERSION = YES;
				GCC_WARN_ABOUT_RETURN_TYPE = YES_ERROR;
				GCC_WARN_UNDECLARED_SELECTOR = YES;
				GCC_WARN_UNINITIALIZED_AUTOS = YES_AGGRESSIVE;
				GCC_WARN_UNUSED_FUNCTION = YES;
				GCC_WARN_UNUSED_VARIABLE = YES;
				IPHONEOS_DEPLOYMENT_TARGET = 9.2;
				MTL_ENABLE_DEBUG_INFO = NO;
				SDKROOT = iphoneos;
				VALIDATE_PRODUCT = YES;
			};
			name = Release;
		};
		54DBFB331C868A9400885560 /* Debug */ = {
			isa = XCBuildConfiguration;
			baseConfigurationReference = 329FE6840314CAC6067974DE /* Pods-Instagram_CPU.debug.xcconfig */;
			buildSettings = {
				ASSETCATALOG_COMPILER_APPICON_NAME = AppIcon;
				INFOPLIST_FILE = Instagram_CPU/Info.plist;
				LD_RUNPATH_SEARCH_PATHS = "$(inherited) @executable_path/Frameworks";
				PRODUCT_BUNDLE_IDENTIFIER = "com.codepath.Instagram-CPU";
				PRODUCT_NAME = "$(TARGET_NAME)";
			};
			name = Debug;
		};
		54DBFB341C868A9400885560 /* Release */ = {
			isa = XCBuildConfiguration;
			baseConfigurationReference = 1D6B588725072D8E5FC9C57A /* Pods-Instagram_CPU.release.xcconfig */;
			buildSettings = {
				ASSETCATALOG_COMPILER_APPICON_NAME = AppIcon;
				INFOPLIST_FILE = Instagram_CPU/Info.plist;
				LD_RUNPATH_SEARCH_PATHS = "$(inherited) @executable_path/Frameworks";
				PRODUCT_BUNDLE_IDENTIFIER = "com.codepath.Instagram-CPU";
				PRODUCT_NAME = "$(TARGET_NAME)";
			};
			name = Release;
		};
/* End XCBuildConfiguration section */

/* Begin XCConfigurationList section */
		54DBFB1B1C868A9400885560 /* Build configuration list for PBXProject "Instagram_CPU" */ = {
			isa = XCConfigurationList;
			buildConfigurations = (
				54DBFB301C868A9400885560 /* Debug */,
				54DBFB311C868A9400885560 /* Release */,
			);
			defaultConfigurationIsVisible = 0;
			defaultConfigurationName = Release;
		};
		54DBFB321C868A9400885560 /* Build configuration list for PBXNativeTarget "Instagram_CPU" */ = {
			isa = XCConfigurationList;
			buildConfigurations = (
				54DBFB331C868A9400885560 /* Debug */,
				54DBFB341C868A9400885560 /* Release */,
			);
			defaultConfigurationIsVisible = 0;
			defaultConfigurationName = Release;
		};
/* End XCConfigurationList section */
	};
	rootObject = 54DBFB181C868A9400885560 /* Project object */;
}
